{
  "name": "@magic-bridge/example-server",
  "version": "1.0.0",
  "lockfileVersion": 2,
  "requires": true,
  "packages": {
    "": {
      "name": "@magic-bridge/example-server",
      "version": "1.0.0",
      "license": "ISC",
      "dependencies": {
        "@magic-bridge/bridge": "^0.1.0",
        "connect-ensure-login": "^0.1.1",
        "cookie-parser": "^1.4.6"
      }
    },
    "node_modules/@magic-bridge/bridge": {
      "version": "0.1.0",
      "resolved": "https://registry.npmjs.org/@magic-bridge/bridge/-/bridge-0.1.0.tgz",
      "integrity": "sha512-oZiWmuBJU5B5Ie8ZmqO+vyKymXTT8lfrIgJbqImzCCJ44Rxf1ipV+XOsuBolGXYOk5gRzSZ3asF03XY8dvdr9Q==",
      "dependencies": {
        "cookie": "~0.5.0"
      }
    },
    "node_modules/@magic-bridge/bridge/node_modules/cookie": {
      "version": "0.5.0",
      "resolved": "https://registry.npmjs.org/cookie/-/cookie-0.5.0.tgz",
      "integrity": "sha512-YZ3GUyn/o8gfKJlnlX7g7xq4gyO6OSuhGPKaaGssGB2qgDUS0gPgtTvoyZLTt9Ab6dC4hfc9dV5arkvc/OCmrw==",
      "engines": {
        "node": ">= 0.6"
      }
    },
    "node_modules/connect-ensure-login": {
      "version": "0.1.1",
      "resolved": "https://registry.npmjs.org/connect-ensure-login/-/connect-ensure-login-0.1.1.tgz",
      "integrity": "sha512-u0LGY/YXgkqdD4uVz8Gkri0adby5SBPYIFQvIa4FjBIaZUN0yuZPVHsjAA2bUiprGyjh8NlqxPUcIzzfTiXhQQ==",
      "engines": {
        "node": ">= 0.4.0"
      }
    },
    "node_modules/cookie": {
      "version": "0.4.1",
      "resolved": "https://registry.npmjs.org/cookie/-/cookie-0.4.1.tgz",
      "integrity": "sha512-ZwrFkGJxUR3EIoXtO+yVE69Eb7KlixbaeAWfBQB9vVsNn/o+Yw69gBWSSDK825hQNdN+wF8zELf3dFNl/kxkUA==",
      "engines": {
        "node": ">= 0.6"
      }
    },
    "node_modules/cookie-parser": {
      "version": "1.4.6",
      "resolved": "https://registry.npmjs.org/cookie-parser/-/cookie-parser-1.4.6.tgz",
      "integrity": "sha512-z3IzaNjdwUC2olLIB5/ITd0/setiaFMLYiZJle7xg5Fe9KWAceil7xszYfHHBtDFYLSgJduS2Ty0P1uJdPDJeA==",
      "dependencies": {
        "cookie": "0.4.1",
        "cookie-signature": "1.0.6"
      },
      "engines": {
        "node": ">= 0.8.0"
      }
    },
    "node_modules/cookie-signature": {
      "version": "1.0.6",
      "resolved": "https://registry.npmjs.org/cookie-signature/-/cookie-signature-1.0.6.tgz",
      "integrity": "sha512-QADzlaHc8icV8I7vbaJXJwod9HWYp8uCqf1xa4OfNu1T7JVxQIrUgOWtHdNDtPiywmFbiS12VjotIXLrKM3orQ=="
    }
  },
  "dependencies": {
    "@magic-bridge/bridge": {
      "version": "0.1.0",
      "resolved": "https://registry.npmjs.org/@magic-bridge/bridge/-/bridge-0.1.0.tgz",
      "integrity": "sha512-oZiWmuBJU5B5Ie8ZmqO+vyKymXTT8lfrIgJbqImzCCJ44Rxf1ipV+XOsuBolGXYOk5gRzSZ3asF03XY8dvdr9Q==",
      "requires": {
        "cookie": "~0.5.0"
      },
      "dependencies": {
        "cookie": {
          "version": "0.5.0",
          "resolved": "https://registry.npmjs.org/cookie/-/cookie-0.5.0.tgz",
          "integrity": "sha512-YZ3GUyn/o8gfKJlnlX7g7xq4gyO6OSuhGPKaaGssGB2qgDUS0gPgtTvoyZLTt9Ab6dC4hfc9dV5arkvc/OCmrw=="
        }
      }
    },
    "connect-ensure-login": {
      "version": "0.1.1",
      "resolved": "https://registry.npmjs.org/connect-ensure-login/-/connect-ensure-login-0.1.1.tgz",
      "integrity": "sha512-u0LGY/YXgkqdD4uVz8Gkri0adby5SBPYIFQvIa4FjBIaZUN0yuZPVHsjAA2bUiprGyjh8NlqxPUcIzzfTiXhQQ=="
    },
    "cookie": {
      "version": "0.4.1",
      "resolved": "https://registry.npmjs.org/cookie/-/cookie-0.4.1.tgz",
      "integrity": "sha512-ZwrFkGJxUR3EIoXtO+yVE69Eb7KlixbaeAWfBQB9vVsNn/o+Yw69gBWSSDK825hQNdN+wF8zELf3dFNl/kxkUA=="
    },
    "cookie-parser": {
      "version": "1.4.6",
      "resolved": "https://registry.npmjs.org/cookie-parser/-/cookie-parser-1.4.6.tgz",
      "integrity": "sha512-z3IzaNjdwUC2olLIB5/ITd0/setiaFMLYiZJle7xg5Fe9KWAceil7xszYfHHBtDFYLSgJduS2Ty0P1uJdPDJeA==",
      "requires": {
        "cookie": "0.4.1",
        "cookie-signature": "1.0.6"
      }
    },
    "cookie-signature": {
      "version": "1.0.6",
      "resolved": "https://registry.npmjs.org/cookie-signature/-/cookie-signature-1.0.6.tgz",
      "integrity": "sha512-QADzlaHc8icV8I7vbaJXJwod9HWYp8uCqf1xa4OfNu1T7JVxQIrUgOWtHdNDtPiywmFbiS12VjotIXLrKM3orQ=="
    }
  }
}
